
Microsoft Visual Studio Solution File, Format Version 12.00
# Visual Studio Version 16
VisualStudioVersion = 16.0.30114.105
MinimumVisualStudioVersion = 10.0.40219.1
Project("{FAE04EC0-301F-11D3-BF4B-00C04F79EFBC}") = "htldesk.Webapi", "htldesk.Webapi\htldesk.Webapi.csproj", "{B6856F3F-EF2D-461D-ACCB-493A6155B6F2}"
EndProject
Project("{FAE04EC0-301F-11D3-BF4B-00C04F79EFBC}") = "htldesk.Application", "htldesk.Application\htldesk.Application.csproj", "{318C088E-4EF9-4709-BC0E-2B86EAB1DB93}"
EndProject
Global
	GlobalSection(SolutionConfigurationPlatforms) = preSolution
		Debug|Any CPU = Debug|Any CPU
		Release|Any CPU = Release|Any CPU
	EndGlobalSection
	GlobalSection(SolutionProperties) = preSolution
		HideSolutionNode = FALSE
	EndGlobalSection
	GlobalSection(ProjectConfigurationPlatforms) = postSolution
		{B6856F3F-EF2D-461D-ACCB-493A6155B6F2}.Debug|Any CPU.ActiveCfg = Debug|Any CPU
		{B6856F3F-EF2D-461D-ACCB-493A6155B6F2}.Debug|Any CPU.Build.0 = Debug|Any CPU
		{B6856F3F-EF2D-461D-ACCB-493A6155B6F2}.Release|Any CPU.ActiveCfg = Release|Any CPU
		{B6856F3F-EF2D-461D-ACCB-493A6155B6F2}.Release|Any CPU.Build.0 = Release|Any CPU
		{318C088E-4EF9-4709-BC0E-2B86EAB1DB93}.Debug|Any CPU.ActiveCfg = Debug|Any CPU
		{318C088E-4EF9-4709-BC0E-2B86EAB1DB93}.Debug|Any CPU.Build.0 = Debug|Any CPU
		{318C088E-4EF9-4709-BC0E-2B86EAB1DB93}.Release|Any CPU.ActiveCfg = Release|Any CPU
		{318C088E-4EF9-4709-BC0E-2B86EAB1DB93}.Release|Any CPU.Build.0 = Release|Any CPU
	EndGlobalSection
EndGlobal
